
Microsoft Visual Studio Solution File, Format Version 12.00
# Visual Studio Version 16
VisualStudioVersion = 16.0.34114.132
MinimumVisualStudioVersion = 10.0.40219.1
Project("{8BC9CEB8-8B4A-11D0-8D11-00A0C91BC942}") = "Prosit5", "Prosit5\Prosit5.vcxproj", "{34367024-FD64-43FF-A2BA-6B0EA4D9227B}"
EndProject
Global
	GlobalSection(SolutionConfigurationPlatforms) = preSolution
		Debug|x64 = Debug|x64
		Debug|x86 = Debug|x86
		Release|x64 = Release|x64
		Release|x86 = Release|x86
	EndGlobalSection
	GlobalSection(ProjectConfigurationPlatforms) = postSolution
		{34367024-FD64-43FF-A2BA-6B0EA4D9227B}.Debug|x64.ActiveCfg = Debug|x64
		{34367024-FD64-43FF-A2BA-6B0EA4D9227B}.Debug|x64.Build.0 = Debug|x64
		{34367024-FD64-43FF-A2BA-6B0EA4D9227B}.Debug|x86.ActiveCfg = Debug|Win32
		{34367024-FD64-43FF-A2BA-6B0EA4D9227B}.Debug|x86.Build.0 = Debug|Win32
		{34367024-FD64-43FF-A2BA-6B0EA4D9227B}.Release|x64.ActiveCfg = Release|x64
		{34367024-FD64-43FF-A2BA-6B0EA4D9227B}.Release|x64.Build.0 = Release|x64
		{34367024-FD64-43FF-A2BA-6B0EA4D9227B}.Release|x86.ActiveCfg = Release|Win32
		{34367024-FD64-43FF-A2BA-6B0EA4D9227B}.Release|x86.Build.0 = Release|Win32
	EndGlobalSection
	GlobalSection(SolutionProperties) = preSolution
		HideSolutionNode = FALSE
	EndGlobalSection
	GlobalSection(ExtensibilityGlobals) = postSolution
		SolutionGuid = {EF1E091C-9B89-4D72-8EFB-97F12CF98E78}
	EndGlobalSection
EndGlobal
